// !$*UTF8*$!
{
	archiveVersion = 1;
	classes = {
	};
	objectVersion = 55;
	objects = {

/* Begin PBXBuildFile section */
		0C482DF827F4AA460058BC40 /* AApp.swift in Sources */ = {isa = PBXBuildFile; fileRef = 0C482DF727F4AA460058BC40 /* AApp.swift */; };
		0C482DFA27F4AA460058BC40 /* ContentView.swift in Sources */ = {isa = PBXBuildFile; fileRef = 0C482DF927F4AA460058BC40 /* ContentView.swift */; };
		0C482DFC27F4AA480058BC40 /* Assets.xcassets in Resources */ = {isa = PBXBuildFile; fileRef = 0C482DFB27F4AA480058BC40 /* Assets.xcassets */; };
		0C482DFF27F4AA480058BC40 /* Preview Assets.xcassets in Resources */ = {isa = PBXBuildFile; fileRef = 0C482DFE27F4AA480058BC40 /* Preview Assets.xcassets */; };
		0C482E0727F4AA810058BC40 /* Realm in Frameworks */ = {isa = PBXBuildFile; productRef = 0C482E0627F4AA810058BC40 /* Realm */; };
		0C482E0927F4AA810058BC40 /* RealmSwift in Frameworks */ = {isa = PBXBuildFile; productRef = 0C482E0827F4AA810058BC40 /* RealmSwift */; };
		0CF4BD5927F4B46B003AC6F1 /* ContentView.swift in Sources */ = {isa = PBXBuildFile; fileRef = 0C482DF927F4AA460058BC40 /* ContentView.swift */; };
		0CF4BD5A27F4B46B003AC6F1 /* AApp.swift in Sources */ = {isa = PBXBuildFile; fileRef = 0C482DF727F4AA460058BC40 /* AApp.swift */; };
		0CF4BD5C27F4B46B003AC6F1 /* RealmSwift in Frameworks */ = {isa = PBXBuildFile; productRef = 0CF4BD5727F4B46B003AC6F1 /* RealmSwift */; };
		0CF4BD5D27F4B46B003AC6F1 /* Realm in Frameworks */ = {isa = PBXBuildFile; productRef = 0CF4BD5527F4B46B003AC6F1 /* Realm */; };
		0CF4BD5F27F4B46B003AC6F1 /* Preview Assets.xcassets in Resources */ = {isa = PBXBuildFile; fileRef = 0C482DFE27F4AA480058BC40 /* Preview Assets.xcassets */; };
		0CF4BD6027F4B46B003AC6F1 /* Assets.xcassets in Resources */ = {isa = PBXBuildFile; fileRef = 0C482DFB27F4AA480058BC40 /* Assets.xcassets */; };
/* End PBXBuildFile section */

/* Begin PBXFileReference section */
		0C482DF427F4AA460058BC40 /* A.app */ = {isa = PBXFileReference; explicitFileType = wrapper.application; includeInIndex = 0; path = A.app; sourceTree = BUILT_PRODUCTS_DIR; };
		0C482DF727F4AA460058BC40 /* AApp.swift */ = {isa = PBXFileReference; lastKnownFileType = sourcecode.swift; path = AApp.swift; sourceTree = "<group>"; };
		0C482DF927F4AA460058BC40 /* ContentView.swift */ = {isa = PBXFileReference; lastKnownFileType = sourcecode.swift; path = ContentView.swift; sourceTree = "<group>"; };
		0C482DFB27F4AA480058BC40 /* Assets.xcassets */ = {isa = PBXFileReference; lastKnownFileType = folder.assetcatalog; path = Assets.xcassets; sourceTree = "<group>"; };
		0C482DFE27F4AA480058BC40 /* Preview Assets.xcassets */ = {isa = PBXFileReference; lastKnownFileType = folder.assetcatalog; path = "Preview Assets.xcassets"; sourceTree = "<group>"; };
		0CF4BD5327F4B404003AC6F1 /* A.entitlements */ = {isa = PBXFileReference; lastKnownFileType = text.plist.entitlements; path = A.entitlements; sourceTree = "<group>"; };
		0CF4BD6427F4B46B003AC6F1 /* B.app */ = {isa = PBXFileReference; explicitFileType = wrapper.application; includeInIndex = 0; path = B.app; sourceTree = BUILT_PRODUCTS_DIR; };
		0CF4BD6527F4D9E6003AC6F1 /* B-Info.plist */ = {isa = PBXFileReference; lastKnownFileType = text.plist; path = "B-Info.plist"; sourceTree = "<group>"; };
		0CF4BD6627F4DA57003AC6F1 /* Info.plist */ = {isa = PBXFileReference; lastKnownFileType = text.plist; path = Info.plist; sourceTree = "<group>"; };
/* End PBXFileReference section */

/* Begin PBXFrameworksBuildPhase section */
		0C482DF127F4AA460058BC40 /* Frameworks */ = {
			isa = PBXFrameworksBuildPhase;
			buildActionMask = 2147483647;
			files = (
				0C482E0927F4AA810058BC40 /* RealmSwift in Frameworks */,
				0C482E0727F4AA810058BC40 /* Realm in Frameworks */,
			);
			runOnlyForDeploymentPostprocessing = 0;
		};
		0CF4BD5B27F4B46B003AC6F1 /* Frameworks */ = {
			isa = PBXFrameworksBuildPhase;
			buildActionMask = 2147483647;
			files = (
				0CF4BD5C27F4B46B003AC6F1 /* RealmSwift in Frameworks */,
				0CF4BD5D27F4B46B003AC6F1 /* Realm in Frameworks */,
			);
			runOnlyForDeploymentPostprocessing = 0;
		};
/* End PBXFrameworksBuildPhase section */

/* Begin PBXGroup section */
		0C482DEB27F4AA460058BC40 = {
			isa = PBXGroup;
			children = (
				0CF4BD6527F4D9E6003AC6F1 /* B-Info.plist */,
				0C482DF627F4AA460058BC40 /* A */,
				0C482DF527F4AA460058BC40 /* Products */,
			);
			sourceTree = "<group>";
		};
		0C482DF527F4AA460058BC40 /* Products */ = {
			isa = PBXGroup;
			children = (
				0C482DF427F4AA460058BC40 /* A.app */,
				0CF4BD6427F4B46B003AC6F1 /* B.app */,
			);
			name = Products;
			sourceTree = "<group>";
		};
		0C482DF627F4AA460058BC40 /* A */ = {
			isa = PBXGroup;
			children = (
				0CF4BD6627F4DA57003AC6F1 /* Info.plist */,
				0CF4BD5327F4B404003AC6F1 /* A.entitlements */,
				0C482DF727F4AA460058BC40 /* AApp.swift */,
				0C482DF927F4AA460058BC40 /* ContentView.swift */,
				0C482DFB27F4AA480058BC40 /* Assets.xcassets */,
				0C482DFD27F4AA480058BC40 /* Preview Content */,
			);
			path = A;
			sourceTree = "<group>";
		};
		0C482DFD27F4AA480058BC40 /* Preview Content */ = {
			isa = PBXGroup;
			children = (
				0C482DFE27F4AA480058BC40 /* Preview Assets.xcassets */,
			);
			path = "Preview Content";
			sourceTree = "<group>";
		};
/* End PBXGroup section */

/* Begin PBXNativeTarget section */
		0C482DF327F4AA460058BC40 /* A */ = {
			isa = PBXNativeTarget;
			buildConfigurationList = 0C482E0227F4AA480058BC40 /* Build configuration list for PBXNativeTarget "A" */;
			buildPhases = (
				0C482DF027F4AA460058BC40 /* Sources */,
				0C482DF127F4AA460058BC40 /* Frameworks */,
				0C482DF227F4AA460058BC40 /* Resources */,
			);
			buildRules = (
			);
			dependencies = (
			);
			name = A;
			packageProductDependencies = (
				0C482E0627F4AA810058BC40 /* Realm */,
				0C482E0827F4AA810058BC40 /* RealmSwift */,
			);
			productName = A;
			productReference = 0C482DF427F4AA460058BC40 /* A.app */;
			productType = "com.apple.product-type.application";
		};
		0CF4BD5427F4B46B003AC6F1 /* B */ = {
			isa = PBXNativeTarget;
			buildConfigurationList = 0CF4BD6127F4B46B003AC6F1 /* Build configuration list for PBXNativeTarget "B" */;
			buildPhases = (
				0CF4BD5827F4B46B003AC6F1 /* Sources */,
				0CF4BD5B27F4B46B003AC6F1 /* Frameworks */,
				0CF4BD5E27F4B46B003AC6F1 /* Resources */,
			);
			buildRules = (
			);
			dependencies = (
			);
			name = B;
			packageProductDependencies = (
				0CF4BD5527F4B46B003AC6F1 /* Realm */,
				0CF4BD5727F4B46B003AC6F1 /* RealmSwift */,
			);
			productName = A;
			productReference = 0CF4BD6427F4B46B003AC6F1 /* B.app */;
			productType = "com.apple.product-type.application";
		};
/* End PBXNativeTarget section */

/* Begin PBXProject section */
		0C482DEC27F4AA460058BC40 /* Project object */ = {
			isa = PBXProject;
			attributes = {
				BuildIndependentTargetsInParallel = 1;
				LastSwiftUpdateCheck = 1330;
				LastUpgradeCheck = 1330;
				TargetAttributes = {
					0C482DF327F4AA460058BC40 = {
						CreatedOnToolsVersion = 13.3;
					};
				};
			};
			buildConfigurationList = 0C482DEF27F4AA460058BC40 /* Build configuration list for PBXProject "A" */;
			compatibilityVersion = "Xcode 13.0";
			developmentRegion = en;
			hasScannedForEncodings = 0;
			knownRegions = (
				en,
				Base,
			);
			mainGroup = 0C482DEB27F4AA460058BC40;
			packageReferences = (
				0C482E0527F4AA810058BC40 /* XCRemoteSwiftPackageReference "realm-swift" */,
			);
			productRefGroup = 0C482DF527F4AA460058BC40 /* Products */;
			projectDirPath = "";
			projectRoot = "";
			targets = (
				0C482DF327F4AA460058BC40 /* A */,
				0CF4BD5427F4B46B003AC6F1 /* B */,
			);
		};
/* End PBXProject section */

/* Begin PBXResourcesBuildPhase section */
		0C482DF227F4AA460058BC40 /* Resources */ = {
			isa = PBXResourcesBuildPhase;
			buildActionMask = 2147483647;
			files = (
				0C482DFF27F4AA480058BC40 /* Preview Assets.xcassets in Resources */,
				0C482DFC27F4AA480058BC40 /* Assets.xcassets in Resources */,
			);
			runOnlyForDeploymentPostprocessing = 0;
		};
		0CF4BD5E27F4B46B003AC6F1 /* Resources */ = {
			isa = PBXResourcesBuildPhase;
			buildActionMask = 2147483647;
			files = (
				0CF4BD5F27F4B46B003AC6F1 /* Preview Assets.xcassets in Resources */,
				0CF4BD6027F4B46B003AC6F1 /* Assets.xcassets in Resources */,
			);
			runOnlyForDeploymentPostprocessing = 0;
		};
/* End PBXResourcesBuildPhase section */

/* Begin PBXSourcesBuildPhase section */
		0C482DF027F4AA460058BC40 /* Sources */ = {
			isa = PBXSourcesBuildPhase;
			buildActionMask = 2147483647;
			files = (
				0C482DFA27F4AA460058BC40 /* ContentView.swift in Sources */,
				0C482DF827F4AA460058BC40 /* AApp.swift in Sources */,
			);
			runOnlyForDeploymentPostprocessing = 0;
		};
		0CF4BD5827F4B46B003AC6F1 /* Sources */ = {
			isa = PBXSourcesBuildPhase;
			buildActionMask = 2147483647;
			files = (
				0CF4BD5927F4B46B003AC6F1 /* ContentView.swift in Sources */,
				0CF4BD5A27F4B46B003AC6F1 /* AApp.swift in Sources */,
			);
			runOnlyForDeploymentPostprocessing = 0;
		};
/* End PBXSourcesBuildPhase section */

/* Begin XCBuildConfiguration section */
		0C482E0027F4AA480058BC40 /* Debug */ = {
			isa = XCBuildConfiguration;
			buildSettings = {
				ALWAYS_SEARCH_USER_PATHS = NO;
				CLANG_ANALYZER_NONNULL = YES;
				CLANG_ANALYZER_NUMBER_OBJECT_CONVERSION = YES_AGGRESSIVE;
				CLANG_CXX_LANGUAGE_STANDARD = "gnu++17";
				CLANG_ENABLE_MODULES = YES;
				CLANG_ENABLE_OBJC_ARC = YES;
				CLANG_ENABLE_OBJC_WEAK = YES;
				CLANG_WARN_BLOCK_CAPTURE_AUTORELEASING = YES;
				CLANG_WARN_BOOL_CONVERSION = YES;
				CLANG_WARN_COMMA = YES;
				CLANG_WARN_CONSTANT_CONVERSION = YES;
				CLANG_WARN_DEPRECATED_OBJC_IMPLEMENTATIONS = YES;
				CLANG_WARN_DIRECT_OBJC_ISA_USAGE = YES_ERROR;
				CLANG_WARN_DOCUMENTATION_COMMENTS = YES;
				CLANG_WARN_EMPTY_BODY = YES;
				CLANG_WARN_ENUM_CONVERSION = YES;
				CLANG_WARN_INFINITE_RECURSION = YES;
				CLANG_WARN_INT_CONVERSION = YES;
				CLANG_WARN_NON_LITERAL_NULL_CONVERSION = YES;
				CLANG_WARN_OBJC_IMPLICIT_RETAIN_SELF = YES;
				CLANG_WARN_OBJC_LITERAL_CONVERSION = YES;
				CLANG_WARN_OBJC_ROOT_CLASS = YES_ERROR;
				CLANG_WARN_QUOTED_INCLUDE_IN_FRAMEWORK_HEADER = YES;
				CLANG_WARN_RANGE_LOOP_ANALYSIS = YES;
				CLANG_WARN_STRICT_PROTOTYPES = YES;
				CLANG_WARN_SUSPICIOUS_MOVE = YES;
				CLANG_WARN_UNGUARDED_AVAILABILITY = YES_AGGRESSIVE;
				CLANG_WARN_UNREACHABLE_CODE = YES;
				CLANG_WARN__DUPLICATE_METHOD_MATCH = YES;
				COPY_PHASE_STRIP = NO;
				DEBUG_INFORMATION_FORMAT = dwarf;
				ENABLE_STRICT_OBJC_MSGSEND = YES;
				ENABLE_TESTABILITY = YES;
				GCC_C_LANGUAGE_STANDARD = gnu11;
				GCC_DYNAMIC_NO_PIC = NO;
				GCC_NO_COMMON_BLOCKS = YES;
				GCC_OPTIMIZATION_LEVEL = 0;
				GCC_PREPROCESSOR_DEFINITIONS = (
					"DEBUG=1",
					"$(inherited)",
				);
				GCC_WARN_64_TO_32_BIT_CONVERSION = YES;
				GCC_WARN_ABOUT_RETURN_TYPE = YES_ERROR;
				GCC_WARN_UNDECLARED_SELECTOR = YES;
				GCC_WARN_UNINITIALIZED_AUTOS = YES_AGGRESSIVE;
				GCC_WARN_UNUSED_FUNCTION = YES;
				GCC_WARN_UNUSED_VARIABLE = YES;
				IPHONEOS_DEPLOYMENT_TARGET = 15.0;
				MTL_ENABLE_DEBUG_INFO = INCLUDE_SOURCE;
				MTL_FAST_MATH = YES;
				ONLY_ACTIVE_ARCH = YES;
				SDKROOT = iphoneos;
				SWIFT_ACTIVE_COMPILATION_CONDITIONS = DEBUG;
				SWIFT_OPTIMIZATION_LEVEL = "-Onone";
			};
			name = Debug;
		};
		0C482E0127F4AA480058BC40 /* Release */ = {
			isa = XCBuildConfiguration;
			buildSettings = {
				ALWAYS_SEARCH_USER_PATHS = NO;
				CLANG_ANALYZER_NONNULL = YES;
				CLANG_ANALYZER_NUMBER_OBJECT_CONVERSION = YES_AGGRESSIVE;
				CLANG_CXX_LANGUAGE_STANDARD = "gnu++17";
				CLANG_ENABLE_MODULES = YES;
				CLANG_ENABLE_OBJC_ARC = YES;
				CLANG_ENABLE_OBJC_WEAK = YES;
				CLANG_WARN_BLOCK_CAPTURE_AUTORELEASING = YES;
				CLANG_WARN_BOOL_CONVERSION = YES;
				CLANG_WARN_COMMA = YES;
				CLANG_WARN_CONSTANT_CONVERSION = YES;
				CLANG_WARN_DEPRECATED_OBJC_IMPLEMENTATIONS = YES;
				CLANG_WARN_DIRECT_OBJC_ISA_USAGE = YES_ERROR;
				CLANG_WARN_DOCUMENTATION_COMMENTS = YES;
				CLANG_WARN_EMPTY_BODY = YES;
				CLANG_WARN_ENUM_CONVERSION = YES;
				CLANG_WARN_INFINITE_RECURSION = YES;
				CLANG_WARN_INT_CONVERSION = YES;
				CLANG_WARN_NON_LITERAL_NULL_CONVERSION = YES;
				CLANG_WARN_OBJC_IMPLICIT_RETAIN_SELF = YES;
				CLANG_WARN_OBJC_LITERAL_CONVERSION = YES;
				CLANG_WARN_OBJC_ROOT_CLASS = YES_ERROR;
				CLANG_WARN_QUOTED_INCLUDE_IN_FRAMEWORK_HEADER = YES;
				CLANG_WARN_RANGE_LOOP_ANALYSIS = YES;
				CLANG_WARN_STRICT_PROTOTYPES = YES;
				CLANG_WARN_SUSPICIOUS_MOVE = YES;
				CLANG_WARN_UNGUARDED_AVAILABILITY = YES_AGGRESSIVE;
				CLANG_WARN_UNREACHABLE_CODE = YES;
				CLANG_WARN__DUPLICATE_METHOD_MATCH = YES;
				COPY_PHASE_STRIP = NO;
				DEBUG_INFORMATION_FORMAT = "dwarf-with-dsym";
				ENABLE_NS_ASSERTIONS = NO;
				ENABLE_STRICT_OBJC_MSGSEND = YES;
				GCC_C_LANGUAGE_STANDARD = gnu11;
				GCC_NO_COMMON_BLOCKS = YES;
				GCC_WARN_64_TO_32_BIT_CONVERSION = YES;
				GCC_WARN_ABOUT_RETURN_TYPE = YES_ERROR;
				GCC_WARN_UNDECLARED_SELECTOR = YES;
				GCC_WARN_UNINITIALIZED_AUTOS = YES_AGGRESSIVE;
				GCC_WARN_UNUSED_FUNCTION = YES;
				GCC_WARN_UNUSED_VARIABLE = YES;
				IPHONEOS_DEPLOYMENT_TARGET = 15.0;
				MTL_ENABLE_DEBUG_INFO = NO;
				MTL_FAST_MATH = YES;
				SDKROOT = iphoneos;
				SWIFT_COMPILATION_MODE = wholemodule;
				SWIFT_OPTIMIZATION_LEVEL = "-O";
				VALIDATE_PRODUCT = YES;
			};
			name = Release;
		};
		0C482E0327F4AA480058BC40 /* Debug */ = {
			isa = XCBuildConfiguration;
			buildSettings = {
				ASSETCATALOG_COMPILER_APPICON_NAME = AppIcon;
				ASSETCATALOG_COMPILER_GLOBAL_ACCENT_COLOR_NAME = AccentColor;
				CODE_SIGN_ENTITLEMENTS = A/A.entitlements;
				CODE_SIGN_STYLE = Automatic;
				CURRENT_PROJECT_VERSION = 1;
				DEVELOPMENT_ASSET_PATHS = "\"A/Preview Content\"";
				DEVELOPMENT_TEAM = QX5CR2FTN2;
				ENABLE_PREVIEWS = YES;
				GENERATE_INFOPLIST_FILE = YES;
				INFOPLIST_FILE = A/Info.plist;
				INFOPLIST_KEY_UIApplicationSceneManifest_Generation = YES;
				INFOPLIST_KEY_UIApplicationSupportsIndirectInputEvents = YES;
				INFOPLIST_KEY_UILaunchScreen_Generation = YES;
				INFOPLIST_KEY_UISupportedInterfaceOrientations_iPad = "UIInterfaceOrientationPortrait UIInterfaceOrientationPortraitUpsideDown UIInterfaceOrientationLandscapeLeft UIInterfaceOrientationLandscapeRight";
				INFOPLIST_KEY_UISupportedInterfaceOrientations_iPhone = "UIInterfaceOrientationPortrait UIInterfaceOrientationLandscapeLeft UIInterfaceOrientationLandscapeRight";
				LD_RUNPATH_SEARCH_PATHS = (
					"$(inherited)",
					"@executable_path/Frameworks",
				);
				MARKETING_VERSION = 1.0;
				PRODUCT_BUNDLE_IDENTIFIER = com.py.A;
				PRODUCT_NAME = "$(TARGET_NAME)";
				SWIFT_EMIT_LOC_STRINGS = YES;
				SWIFT_VERSION = 5.0;
				TARGETED_DEVICE_FAMILY = "1,2";
			};
			name = Debug;
		};
		0C482E0427F4AA480058BC40 /* Release */ = {
			isa = XCBuildConfiguration;
			buildSettings = {
				ASSETCATALOG_COMPILER_APPICON_NAME = AppIcon;
				ASSETCATALOG_COMPILER_GLOBAL_ACCENT_COLOR_NAME = AccentColor;
				CODE_SIGN_ENTITLEMENTS = A/A.entitlements;
				CODE_SIGN_STYLE = Automatic;
				CURRENT_PROJECT_VERSION = 1;
				DEVELOPMENT_ASSET_PATHS = "\"A/Preview Content\"";
				DEVELOPMENT_TEAM = QX5CR2FTN2;
				ENABLE_PREVIEWS = YES;
				GENERATE_INFOPLIST_FILE = YES;
				INFOPLIST_FILE = A/Info.plist;
				INFOPLIST_KEY_UIApplicationSceneManifest_Generation = YES;
				INFOPLIST_KEY_UIApplicationSupportsIndirectInputEvents = YES;
				INFOPLIST_KEY_UILaunchScreen_Generation = YES;
				INFOPLIST_KEY_UISupportedInterfaceOrientations_iPad = "UIInterfaceOrientationPortrait UIInterfaceOrientationPortraitUpsideDown UIInterfaceOrientationLandscapeLeft UIInterfaceOrientationLandscapeRight";
				INFOPLIST_KEY_UISupportedInterfaceOrientations_iPhone = "UIInterfaceOrientationPortrait UIInterfaceOrientationLandscapeLeft UIInterfaceOrientationLandscapeRight";
				LD_RUNPATH_SEARCH_PATHS = (
					"$(inherited)",
					"@executable_path/Frameworks",
				);
				MARKETING_VERSION = 1.0;
				PRODUCT_BUNDLE_IDENTIFIER = com.py.A;
				PRODUCT_NAME = "$(TARGET_NAME)";
				SWIFT_EMIT_LOC_STRINGS = YES;
				SWIFT_VERSION = 5.0;
				TARGETED_DEVICE_FAMILY = "1,2";
			};
			name = Release;
		};
		0CF4BD6227F4B46B003AC6F1 /* Debug */ = {
			isa = XCBuildConfiguration;
			buildSettings = {
				ASSETCATALOG_COMPILER_APPICON_NAME = AppIcon;
				ASSETCATALOG_COMPILER_GLOBAL_ACCENT_COLOR_NAME = AccentColor;
				CODE_SIGN_ENTITLEMENTS = A/A.entitlements;
				CODE_SIGN_STYLE = Automatic;
				CURRENT_PROJECT_VERSION = 1;
				DEVELOPMENT_ASSET_PATHS = "\"A/Preview Content\"";
				DEVELOPMENT_TEAM = QX5CR2FTN2;
				ENABLE_PREVIEWS = YES;
				GENERATE_INFOPLIST_FILE = YES;
				INFOPLIST_FILE = "B-Info.plist";
				INFOPLIST_KEY_UIApplicationSceneManifest_Generation = YES;
				INFOPLIST_KEY_UIApplicationSupportsIndirectInputEvents = YES;
				INFOPLIST_KEY_UILaunchScreen_Generation = YES;
				INFOPLIST_KEY_UISupportedInterfaceOrientations_iPad = "UIInterfaceOrientationPortrait UIInterfaceOrientationPortraitUpsideDown UIInterfaceOrientationLandscapeLeft UIInterfaceOrientationLandscapeRight";
				INFOPLIST_KEY_UISupportedInterfaceOrientations_iPhone = "UIInterfaceOrientationPortrait UIInterfaceOrientationLandscapeLeft UIInterfaceOrientationLandscapeRight";
				LD_RUNPATH_SEARCH_PATHS = (
					"$(inherited)",
					"@executable_path/Frameworks",
				);
				MARKETING_VERSION = 1.0;
				PRODUCT_BUNDLE_IDENTIFIER = com.py.B;
				PRODUCT_NAME = "$(TARGET_NAME)";
				SWIFT_EMIT_LOC_STRINGS = YES;
				SWIFT_VERSION = 5.0;
				TARGETED_DEVICE_FAMILY = "1,2";
			};
			name = Debug;
		};
		0CF4BD6327F4B46B003AC6F1 /* Release */ = {
			isa = XCBuildConfiguration;
			buildSettings = {
				ASSETCATALOG_COMPILER_APPICON_NAME = AppIcon;
				ASSETCATALOG_COMPILER_GLOBAL_ACCENT_COLOR_NAME = AccentColor;
				CODE_SIGN_ENTITLEMENTS = A/A.entitlements;
				CODE_SIGN_STYLE = Automatic;
				CURRENT_PROJECT_VERSION = 1;
				DEVELOPMENT_ASSET_PATHS = "\"A/Preview Content\"";
				DEVELOPMENT_TEAM = QX5CR2FTN2;
				ENABLE_PREVIEWS = YES;
				GENERATE_INFOPLIST_FILE = YES;
				INFOPLIST_FILE = "B-Info.plist";
				INFOPLIST_KEY_UIApplicationSceneManifest_Generation = YES;
				INFOPLIST_KEY_UIApplicationSupportsIndirectInputEvents = YES;
				INFOPLIST_KEY_UILaunchScreen_Generation = YES;
				INFOPLIST_KEY_UISupportedInterfaceOrientations_iPad = "UIInterfaceOrientationPortrait UIInterfaceOrientationPortraitUpsideDown UIInterfaceOrientationLandscapeLeft UIInterfaceOrientationLandscapeRight";
				INFOPLIST_KEY_UISupportedInterfaceOrientations_iPhone = "UIInterfaceOrientationPortrait UIInterfaceOrientationLandscapeLeft UIInterfaceOrientationLandscapeRight";
				LD_RUNPATH_SEARCH_PATHS = (
					"$(inherited)",
					"@executable_path/Frameworks",
				);
				MARKETING_VERSION = 1.0;
				PRODUCT_BUNDLE_IDENTIFIER = com.py.B;
				PRODUCT_NAME = "$(TARGET_NAME)";
				SWIFT_EMIT_LOC_STRINGS = YES;
				SWIFT_VERSION = 5.0;
				TARGETED_DEVICE_FAMILY = "1,2";
			};
			name = Release;
		};
/* End XCBuildConfiguration section */

/* Begin XCConfigurationList section */
		0C482DEF27F4AA460058BC40 /* Build configuration list for PBXProject "A" */ = {
			isa = XCConfigurationList;
			buildConfigurations = (
				0C482E0027F4AA480058BC40 /* Debug */,
				0C482E0127F4AA480058BC40 /* Release */,
			);
			defaultConfigurationIsVisible = 0;
			defaultConfigurationName = Release;
		};
		0C482E0227F4AA480058BC40 /* Build configuration list for PBXNativeTarget "A" */ = {
			isa = XCConfigurationList;
			buildConfigurations = (
				0C482E0327F4AA480058BC40 /* Debug */,
				0C482E0427F4AA480058BC40 /* Release */,
			);
			defaultConfigurationIsVisible = 0;
			defaultConfigurationName = Release;
		};
		0CF4BD6127F4B46B003AC6F1 /* Build configuration list for PBXNativeTarget "B" */ = {
			isa = XCConfigurationList;
			buildConfigurations = (
				0CF4BD6227F4B46B003AC6F1 /* Debug */,
				0CF4BD6327F4B46B003AC6F1 /* Release */,
			);
			defaultConfigurationIsVisible = 0;
			defaultConfigurationName = Release;
		};
/* End XCConfigurationList section */

/* Begin XCRemoteSwiftPackageReference section */
		0C482E0527F4AA810058BC40 /* XCRemoteSwiftPackageReference "realm-swift" */ = {
			isa = XCRemoteSwiftPackageReference;
			repositoryURL = "https://github.com/realm/realm-swift";
			requirement = {
				kind = upToNextMajorVersion;
				minimumVersion = 10.0.0;
			};
		};
		0CF4BD5627F4B46B003AC6F1 /* XCRemoteSwiftPackageReference "realm-swift" */ = {
			isa = XCRemoteSwiftPackageReference;
			repositoryURL = "https://github.com/realm/realm-swift";
			requirement = {
				kind = upToNextMajorVersion;
				minimumVersion = 10.0.0;
			};
		};
/* End XCRemoteSwiftPackageReference section */

/* Begin XCSwiftPackageProductDependency section */
		0C482E0627F4AA810058BC40 /* Realm */ = {
			isa = XCSwiftPackageProductDependency;
			package = 0C482E0527F4AA810058BC40 /* XCRemoteSwiftPackageReference "realm-swift" */;
			productName = Realm;
		};
		0C482E0827F4AA810058BC40 /* RealmSwift */ = {
			isa = XCSwiftPackageProductDependency;
			package = 0C482E0527F4AA810058BC40 /* XCRemoteSwiftPackageReference "realm-swift" */;
			productName = RealmSwift;
		};
		0CF4BD5527F4B46B003AC6F1 /* Realm */ = {
			isa = XCSwiftPackageProductDependency;
			package = 0CF4BD5627F4B46B003AC6F1 /* XCRemoteSwiftPackageReference "realm-swift" */;
			productName = Realm;
		};
		0CF4BD5727F4B46B003AC6F1 /* RealmSwift */ = {
			isa = XCSwiftPackageProductDependency;
			package = 0CF4BD5627F4B46B003AC6F1 /* XCRemoteSwiftPackageReference "realm-swift" */;
			productName = RealmSwift;
		};
/* End XCSwiftPackageProductDependency section */
	};
	rootObject = 0C482DEC27F4AA460058BC40 /* Project object */;
}
